
Microsoft Visual Studio Solution File, Format Version 12.00
# Visual Studio Version 16
VisualStudioVersion = 16.0.31702.278
MinimumVisualStudioVersion = 10.0.40219.1
Project("{8BC9CEB8-8B4A-11D0-8D11-00A0C91BC942}") = "SaADP1_6_1", "SaADP1_6_1\SaADP1_6_1.vcxproj", "{845BEC1A-3814-4EC2-BC32-8311AC51CCB9}"
EndProject
Global
	GlobalSection(SolutionConfigurationPlatforms) = preSolution
		Debug|x64 = Debug|x64
		Debug|x86 = Debug|x86
		Release|x64 = Release|x64
		Release|x86 = Release|x86
	EndGlobalSection
	GlobalSection(ProjectConfigurationPlatforms) = postSolution
		{845BEC1A-3814-4EC2-BC32-8311AC51CCB9}.Debug|x64.ActiveCfg = Debug|x64
		{845BEC1A-3814-4EC2-BC32-8311AC51CCB9}.Debug|x64.Build.0 = Debug|x64
		{845BEC1A-3814-4EC2-BC32-8311AC51CCB9}.Debug|x86.ActiveCfg = Debug|Win32
		{845BEC1A-3814-4EC2-BC32-8311AC51CCB9}.Debug|x86.Build.0 = Debug|Win32
		{845BEC1A-3814-4EC2-BC32-8311AC51CCB9}.Release|x64.ActiveCfg = Release|x64
		{845BEC1A-3814-4EC2-BC32-8311AC51CCB9}.Release|x64.Build.0 = Release|x64
		{845BEC1A-3814-4EC2-BC32-8311AC51CCB9}.Release|x86.ActiveCfg = Release|Win32
		{845BEC1A-3814-4EC2-BC32-8311AC51CCB9}.Release|x86.Build.0 = Release|Win32
	EndGlobalSection
	GlobalSection(SolutionProperties) = preSolution
		HideSolutionNode = FALSE
	EndGlobalSection
	GlobalSection(ExtensibilityGlobals) = postSolution
		SolutionGuid = {131A3B14-3FEF-4601-BC1B-DEE60514B849}
	EndGlobalSection
EndGlobal
